// !$*UTF8*$!
{
	archiveVersion = 1;
	classes = {
	};
	objectVersion = 50;
	objects = {

/* Begin PBXBuildFile section */
		79AD47F623DF4E0D00BDB1A4 /* AppDelegate.swift in Sources */ = {isa = PBXBuildFile; fileRef = 79AD47F523DF4E0D00BDB1A4 /* AppDelegate.swift */; };
		79AD47F823DF4E0D00BDB1A4 /* SceneDelegate.swift in Sources */ = {isa = PBXBuildFile; fileRef = 79AD47F723DF4E0D00BDB1A4 /* SceneDelegate.swift */; };
		79AD47FA23DF4E0D00BDB1A4 /* LoginView.swift in Sources */ = {isa = PBXBuildFile; fileRef = 79AD47F923DF4E0D00BDB1A4 /* LoginView.swift */; };
		79AD47FC23DF4E0E00BDB1A4 /* Assets.xcassets in Resources */ = {isa = PBXBuildFile; fileRef = 79AD47FB23DF4E0E00BDB1A4 /* Assets.xcassets */; };
		79AD47FF23DF4E0E00BDB1A4 /* Preview Assets.xcassets in Resources */ = {isa = PBXBuildFile; fileRef = 79AD47FE23DF4E0E00BDB1A4 /* Preview Assets.xcassets */; };
		79AD480223DF4E0E00BDB1A4 /* LaunchScreen.storyboard in Resources */ = {isa = PBXBuildFile; fileRef = 79AD480023DF4E0E00BDB1A4 /* LaunchScreen.storyboard */; };
		79AD480C23DF4EA700BDB1A4 /* LinkedInEmailModel.swift in Sources */ = {isa = PBXBuildFile; fileRef = 79AD480A23DF4EA700BDB1A4 /* LinkedInEmailModel.swift */; };
		79AD480D23DF4EA700BDB1A4 /* LinkedInProfileModel.swift in Sources */ = {isa = PBXBuildFile; fileRef = 79AD480B23DF4EA700BDB1A4 /* LinkedInProfileModel.swift */; };
		79AD481023DF4F4B00BDB1A4 /* LinkedInConstants.swift in Sources */ = {isa = PBXBuildFile; fileRef = 79AD480F23DF4F4B00BDB1A4 /* LinkedInConstants.swift */; };
		79AD481223DF51FF00BDB1A4 /* DetailsView.swift in Sources */ = {isa = PBXBuildFile; fileRef = 79AD481123DF51FF00BDB1A4 /* DetailsView.swift */; };
		79AD481423DF79AC00BDB1A4 /* LoginViewController.swift in Sources */ = {isa = PBXBuildFile; fileRef = 79AD481323DF79AB00BDB1A4 /* LoginViewController.swift */; };
/* End PBXBuildFile section */

/* Begin PBXFileReference section */
		79AD47F223DF4E0D00BDB1A4 /* LinkedInSignIn.app */ = {isa = PBXFileReference; explicitFileType = wrapper.application; includeInIndex = 0; path = LinkedInSignIn.app; sourceTree = BUILT_PRODUCTS_DIR; };
		79AD47F523DF4E0D00BDB1A4 /* AppDelegate.swift */ = {isa = PBXFileReference; lastKnownFileType = sourcecode.swift; path = AppDelegate.swift; sourceTree = "<group>"; };
		79AD47F723DF4E0D00BDB1A4 /* SceneDelegate.swift */ = {isa = PBXFileReference; lastKnownFileType = sourcecode.swift; path = SceneDelegate.swift; sourceTree = "<group>"; };
		79AD47F923DF4E0D00BDB1A4 /* LoginView.swift */ = {isa = PBXFileReference; lastKnownFileType = sourcecode.swift; path = LoginView.swift; sourceTree = "<group>"; };
		79AD47FB23DF4E0E00BDB1A4 /* Assets.xcassets */ = {isa = PBXFileReference; lastKnownFileType = folder.assetcatalog; path = Assets.xcassets; sourceTree = "<group>"; };
		79AD47FE23DF4E0E00BDB1A4 /* Preview Assets.xcassets */ = {isa = PBXFileReference; lastKnownFileType = folder.assetcatalog; path = "Preview Assets.xcassets"; sourceTree = "<group>"; };
		79AD480123DF4E0E00BDB1A4 /* Base */ = {isa = PBXFileReference; lastKnownFileType = file.storyboard; name = Base; path = Base.lproj/LaunchScreen.storyboard; sourceTree = "<group>"; };
		79AD480323DF4E0E00BDB1A4 /* Info.plist */ = {isa = PBXFileReference; lastKnownFileType = text.plist.xml; path = Info.plist; sourceTree = "<group>"; };
		79AD480A23DF4EA700BDB1A4 /* LinkedInEmailModel.swift */ = {isa = PBXFileReference; fileEncoding = 4; lastKnownFileType = sourcecode.swift; path = LinkedInEmailModel.swift; sourceTree = "<group>"; };
		79AD480B23DF4EA700BDB1A4 /* LinkedInProfileModel.swift */ = {isa = PBXFileReference; fileEncoding = 4; lastKnownFileType = sourcecode.swift; path = LinkedInProfileModel.swift; sourceTree = "<group>"; };
		79AD480F23DF4F4B00BDB1A4 /* LinkedInConstants.swift */ = {isa = PBXFileReference; fileEncoding = 4; lastKnownFileType = sourcecode.swift; name = LinkedInConstants.swift; path = LinkedInSignIn/LinkedInConstants.swift; sourceTree = SOURCE_ROOT; };
		79AD481123DF51FF00BDB1A4 /* DetailsView.swift */ = {isa = PBXFileReference; lastKnownFileType = sourcecode.swift; path = DetailsView.swift; sourceTree = "<group>"; };
		79AD481323DF79AB00BDB1A4 /* LoginViewController.swift */ = {isa = PBXFileReference; fileEncoding = 4; lastKnownFileType = sourcecode.swift; path = LoginViewController.swift; sourceTree = "<group>"; };
/* End PBXFileReference section */

/* Begin PBXFrameworksBuildPhase section */
		79AD47EF23DF4E0D00BDB1A4 /* Frameworks */ = {
			isa = PBXFrameworksBuildPhase;
			buildActionMask = 2147483647;
			files = (
			);
			runOnlyForDeploymentPostprocessing = 0;
		};
/* End PBXFrameworksBuildPhase section */

/* Begin PBXGroup section */
		79AD47E923DF4E0D00BDB1A4 = {
			isa = PBXGroup;
			children = (
				79AD47F423DF4E0D00BDB1A4 /* LinkedInSignIn */,
				79AD47F323DF4E0D00BDB1A4 /* Products */,
			);
			sourceTree = "<group>";
		};
		79AD47F323DF4E0D00BDB1A4 /* Products */ = {
			isa = PBXGroup;
			children = (
				79AD47F223DF4E0D00BDB1A4 /* LinkedInSignIn.app */,
			);
			name = Products;
			sourceTree = "<group>";
		};
		79AD47F423DF4E0D00BDB1A4 /* LinkedInSignIn */ = {
			isa = PBXGroup;
			children = (
				79AD480923DF4EA700BDB1A4 /* Model */,
				79AD47F523DF4E0D00BDB1A4 /* AppDelegate.swift */,
				79AD481323DF79AB00BDB1A4 /* LoginViewController.swift */,
				79AD47F723DF4E0D00BDB1A4 /* SceneDelegate.swift */,
				79AD47F923DF4E0D00BDB1A4 /* LoginView.swift */,
				79AD481123DF51FF00BDB1A4 /* DetailsView.swift */,
				79AD480F23DF4F4B00BDB1A4 /* LinkedInConstants.swift */,
				79AD47FB23DF4E0E00BDB1A4 /* Assets.xcassets */,
				79AD480023DF4E0E00BDB1A4 /* LaunchScreen.storyboard */,
				79AD480323DF4E0E00BDB1A4 /* Info.plist */,
				79AD47FD23DF4E0E00BDB1A4 /* Preview Content */,
			);
			path = LinkedInSignIn;
			sourceTree = "<group>";
		};
		79AD47FD23DF4E0E00BDB1A4 /* Preview Content */ = {
			isa = PBXGroup;
			children = (
				79AD47FE23DF4E0E00BDB1A4 /* Preview Assets.xcassets */,
			);
			path = "Preview Content";
			sourceTree = "<group>";
		};
		79AD480923DF4EA700BDB1A4 /* Model */ = {
			isa = PBXGroup;
			children = (
				79AD480A23DF4EA700BDB1A4 /* LinkedInEmailModel.swift */,
				79AD480B23DF4EA700BDB1A4 /* LinkedInProfileModel.swift */,
			);
			path = Model;
			sourceTree = "<group>";
		};
/* End PBXGroup section */

/* Begin PBXNativeTarget section */
		79AD47F123DF4E0D00BDB1A4 /* LinkedInSignIn */ = {
			isa = PBXNativeTarget;
			buildConfigurationList = 79AD480623DF4E0E00BDB1A4 /* Build configuration list for PBXNativeTarget "LinkedInSignIn" */;
			buildPhases = (
				79AD47EE23DF4E0D00BDB1A4 /* Sources */,
				79AD47EF23DF4E0D00BDB1A4 /* Frameworks */,
				79AD47F023DF4E0D00BDB1A4 /* Resources */,
			);
			buildRules = (
			);
			dependencies = (
			);
			name = LinkedInSignIn;
			productName = LinkedInSignIn;
			productReference = 79AD47F223DF4E0D00BDB1A4 /* LinkedInSignIn.app */;
			productType = "com.apple.product-type.application";
		};
/* End PBXNativeTarget section */

/* Begin PBXProject section */
		79AD47EA23DF4E0D00BDB1A4 /* Project object */ = {
			isa = PBXProject;
			attributes = {
				LastSwiftUpdateCheck = 1130;
				LastUpgradeCheck = 1130;
				ORGANIZATIONNAME = "Mohammad Asif";
				TargetAttributes = {
					79AD47F123DF4E0D00BDB1A4 = {
						CreatedOnToolsVersion = 11.3.1;
					};
				};
			};
			buildConfigurationList = 79AD47ED23DF4E0D00BDB1A4 /* Build configuration list for PBXProject "LinkedInSignIn" */;
			compatibilityVersion = "Xcode 9.3";
			developmentRegion = en;
			hasScannedForEncodings = 0;
			knownRegions = (
				en,
				Base,
			);
			mainGroup = 79AD47E923DF4E0D00BDB1A4;
			productRefGroup = 79AD47F323DF4E0D00BDB1A4 /* Products */;
			projectDirPath = "";
			projectRoot = "";
			targets = (
				79AD47F123DF4E0D00BDB1A4 /* LinkedInSignIn */,
			);
		};
/* End PBXProject section */

/* Begin PBXResourcesBuildPhase section */
		79AD47F023DF4E0D00BDB1A4 /* Resources */ = {
			isa = PBXResourcesBuildPhase;
			buildActionMask = 2147483647;
			files = (
				79AD480223DF4E0E00BDB1A4 /* LaunchScreen.storyboard in Resources */,
				79AD47FF23DF4E0E00BDB1A4 /* Preview Assets.xcassets in Resources */,
				79AD47FC23DF4E0E00BDB1A4 /* Assets.xcassets in Resources */,
			);
			runOnlyForDeploymentPostprocessing = 0;
		};
/* End PBXResourcesBuildPhase section */

/* Begin PBXSourcesBuildPhase section */
		79AD47EE23DF4E0D00BDB1A4 /* Sources */ = {
			isa = PBXSourcesBuildPhase;
			buildActionMask = 2147483647;
			files = (
				79AD47F623DF4E0D00BDB1A4 /* AppDelegate.swift in Sources */,
				79AD481223DF51FF00BDB1A4 /* DetailsView.swift in Sources */,
				79AD47F823DF4E0D00BDB1A4 /* SceneDelegate.swift in Sources */,
				79AD480C23DF4EA700BDB1A4 /* LinkedInEmailModel.swift in Sources */,
				79AD481423DF79AC00BDB1A4 /* LoginViewController.swift in Sources */,
				79AD480D23DF4EA700BDB1A4 /* LinkedInProfileModel.swift in Sources */,
				79AD47FA23DF4E0D00BDB1A4 /* LoginView.swift in Sources */,
				79AD481023DF4F4B00BDB1A4 /* LinkedInConstants.swift in Sources */,
			);
			runOnlyForDeploymentPostprocessing = 0;
		};
/* End PBXSourcesBuildPhase section */

/* Begin PBXVariantGroup section */
		79AD480023DF4E0E00BDB1A4 /* LaunchScreen.storyboard */ = {
			isa = PBXVariantGroup;
			children = (
				79AD480123DF4E0E00BDB1A4 /* Base */,
			);
			name = LaunchScreen.storyboard;
			sourceTree = "<group>";
		};
/* End PBXVariantGroup section */

/* Begin XCBuildConfiguration section */
		79AD480423DF4E0E00BDB1A4 /* Debug */ = {
			isa = XCBuildConfiguration;
			buildSettings = {
				ALWAYS_SEARCH_USER_PATHS = NO;
				CLANG_ANALYZER_NONNULL = YES;
				CLANG_ANALYZER_NUMBER_OBJECT_CONVERSION = YES_AGGRESSIVE;
				CLANG_CXX_LANGUAGE_STANDARD = "gnu++14";
				CLANG_CXX_LIBRARY = "libc++";
				CLANG_ENABLE_MODULES = YES;
				CLANG_ENABLE_OBJC_ARC = YES;
				CLANG_ENABLE_OBJC_WEAK = YES;
				CLANG_WARN_BLOCK_CAPTURE_AUTORELEASING = YES;
				CLANG_WARN_BOOL_CONVERSION = YES;
				CLANG_WARN_COMMA = YES;
				CLANG_WARN_CONSTANT_CONVERSION = YES;
				CLANG_WARN_DEPRECATED_OBJC_IMPLEMENTATIONS = YES;
				CLANG_WARN_DIRECT_OBJC_ISA_USAGE = YES_ERROR;
				CLANG_WARN_DOCUMENTATION_COMMENTS = YES;
				CLANG_WARN_EMPTY_BODY = YES;
				CLANG_WARN_ENUM_CONVERSION = YES;
				CLANG_WARN_INFINITE_RECURSION = YES;
				CLANG_WARN_INT_CONVERSION = YES;
				CLANG_WARN_NON_LITERAL_NULL_CONVERSION = YES;
				CLANG_WARN_OBJC_IMPLICIT_RETAIN_SELF = YES;
				CLANG_WARN_OBJC_LITERAL_CONVERSION = YES;
				CLANG_WARN_OBJC_ROOT_CLASS = YES_ERROR;
				CLANG_WARN_RANGE_LOOP_ANALYSIS = YES;
				CLANG_WARN_STRICT_PROTOTYPES = YES;
				CLANG_WARN_SUSPICIOUS_MOVE = YES;
				CLANG_WARN_UNGUARDED_AVAILABILITY = YES_AGGRESSIVE;
				CLANG_WARN_UNREACHABLE_CODE = YES;
				CLANG_WARN__DUPLICATE_METHOD_MATCH = YES;
				COPY_PHASE_STRIP = NO;
				DEBUG_INFORMATION_FORMAT = dwarf;
				ENABLE_STRICT_OBJC_MSGSEND = YES;
				ENABLE_TESTABILITY = YES;
				GCC_C_LANGUAGE_STANDARD = gnu11;
				GCC_DYNAMIC_NO_PIC = NO;
				GCC_NO_COMMON_BLOCKS = YES;
				GCC_OPTIMIZATION_LEVEL = 0;
				GCC_PREPROCESSOR_DEFINITIONS = (
					"DEBUG=1",
					"$(inherited)",
				);
				GCC_WARN_64_TO_32_BIT_CONVERSION = YES;
				GCC_WARN_ABOUT_RETURN_TYPE = YES_ERROR;
				GCC_WARN_UNDECLARED_SELECTOR = YES;
				GCC_WARN_UNINITIALIZED_AUTOS = YES_AGGRESSIVE;
				GCC_WARN_UNUSED_FUNCTION = YES;
				GCC_WARN_UNUSED_VARIABLE = YES;
				IPHONEOS_DEPLOYMENT_TARGET = 13.2;
				MTL_ENABLE_DEBUG_INFO = INCLUDE_SOURCE;
				MTL_FAST_MATH = YES;
				ONLY_ACTIVE_ARCH = YES;
				SDKROOT = iphoneos;
				SWIFT_ACTIVE_COMPILATION_CONDITIONS = DEBUG;
				SWIFT_OPTIMIZATION_LEVEL = "-Onone";
			};
			name = Debug;
		};
		79AD480523DF4E0E00BDB1A4 /* Release */ = {
			isa = XCBuildConfiguration;
			buildSettings = {
				ALWAYS_SEARCH_USER_PATHS = NO;
				CLANG_ANALYZER_NONNULL = YES;
				CLANG_ANALYZER_NUMBER_OBJECT_CONVERSION = YES_AGGRESSIVE;
				CLANG_CXX_LANGUAGE_STANDARD = "gnu++14";
				CLANG_CXX_LIBRARY = "libc++";
				CLANG_ENABLE_MODULES = YES;
				CLANG_ENABLE_OBJC_ARC = YES;
				CLANG_ENABLE_OBJC_WEAK = YES;
				CLANG_WARN_BLOCK_CAPTURE_AUTORELEASING = YES;
				CLANG_WARN_BOOL_CONVERSION = YES;
				CLANG_WARN_COMMA = YES;
				CLANG_WARN_CONSTANT_CONVERSION = YES;
				CLANG_WARN_DEPRECATED_OBJC_IMPLEMENTATIONS = YES;
				CLANG_WARN_DIRECT_OBJC_ISA_USAGE = YES_ERROR;
				CLANG_WARN_DOCUMENTATION_COMMENTS = YES;
				CLANG_WARN_EMPTY_BODY = YES;
				CLANG_WARN_ENUM_CONVERSION = YES;
				CLANG_WARN_INFINITE_RECURSION = YES;
				CLANG_WARN_INT_CONVERSION = YES;
				CLANG_WARN_NON_LITERAL_NULL_CONVERSION = YES;
				CLANG_WARN_OBJC_IMPLICIT_RETAIN_SELF = YES;
				CLANG_WARN_OBJC_LITERAL_CONVERSION = YES;
				CLANG_WARN_OBJC_ROOT_CLASS = YES_ERROR;
				CLANG_WARN_RANGE_LOOP_ANALYSIS = YES;
				CLANG_WARN_STRICT_PROTOTYPES = YES;
				CLANG_WARN_SUSPICIOUS_MOVE = YES;
				CLANG_WARN_UNGUARDED_AVAILABILITY = YES_AGGRESSIVE;
				CLANG_WARN_UNREACHABLE_CODE = YES;
				CLANG_WARN__DUPLICATE_METHOD_MATCH = YES;
				COPY_PHASE_STRIP = NO;
				DEBUG_INFORMATION_FORMAT = "dwarf-with-dsym";
				ENABLE_NS_ASSERTIONS = NO;
				ENABLE_STRICT_OBJC_MSGSEND = YES;
				GCC_C_LANGUAGE_STANDARD = gnu11;
				GCC_NO_COMMON_BLOCKS = YES;
				GCC_WARN_64_TO_32_BIT_CONVERSION = YES;
				GCC_WARN_ABOUT_RETURN_TYPE = YES_ERROR;
				GCC_WARN_UNDECLARED_SELECTOR = YES;
				GCC_WARN_UNINITIALIZED_AUTOS = YES_AGGRESSIVE;
				GCC_WARN_UNUSED_FUNCTION = YES;
				GCC_WARN_UNUSED_VARIABLE = YES;
				IPHONEOS_DEPLOYMENT_TARGET = 13.2;
				MTL_ENABLE_DEBUG_INFO = NO;
				MTL_FAST_MATH = YES;
				SDKROOT = iphoneos;
				SWIFT_COMPILATION_MODE = wholemodule;
				SWIFT_OPTIMIZATION_LEVEL = "-O";
				VALIDATE_PRODUCT = YES;
			};
			name = Release;
		};
		79AD480723DF4E0E00BDB1A4 /* Debug */ = {
			isa = XCBuildConfiguration;
			buildSettings = {
				ASSETCATALOG_COMPILER_APPICON_NAME = AppIcon;
				CODE_SIGN_STYLE = Automatic;
				DEVELOPMENT_ASSET_PATHS = "\"LinkedInSignIn/Preview Content\"";
				ENABLE_PREVIEWS = YES;
				INFOPLIST_FILE = LinkedInSignIn/Info.plist;
				LD_RUNPATH_SEARCH_PATHS = (
					"$(inherited)",
					"@executable_path/Frameworks",
				);
				PRODUCT_BUNDLE_IDENTIFIER = publicis.sapient.LinkedInSignIn;
				PRODUCT_NAME = "$(TARGET_NAME)";
				SWIFT_VERSION = 5.0;
				TARGETED_DEVICE_FAMILY = "1,2";
			};
			name = Debug;
		};
		79AD480823DF4E0E00BDB1A4 /* Release */ = {
			isa = XCBuildConfiguration;
			buildSettings = {
				ASSETCATALOG_COMPILER_APPICON_NAME = AppIcon;
				CODE_SIGN_STYLE = Automatic;
				DEVELOPMENT_ASSET_PATHS = "\"LinkedInSignIn/Preview Content\"";
				ENABLE_PREVIEWS = YES;
				INFOPLIST_FILE = LinkedInSignIn/Info.plist;
				LD_RUNPATH_SEARCH_PATHS = (
					"$(inherited)",
					"@executable_path/Frameworks",
				);
				PRODUCT_BUNDLE_IDENTIFIER = publicis.sapient.LinkedInSignIn;
				PRODUCT_NAME = "$(TARGET_NAME)";
				SWIFT_VERSION = 5.0;
				TARGETED_DEVICE_FAMILY = "1,2";
			};
			name = Release;
		};
/* End XCBuildConfiguration section */

/* Begin XCConfigurationList section */
		79AD47ED23DF4E0D00BDB1A4 /* Build configuration list for PBXProject "LinkedInSignIn" */ = {
			isa = XCConfigurationList;
			buildConfigurations = (
				79AD480423DF4E0E00BDB1A4 /* Debug */,
				79AD480523DF4E0E00BDB1A4 /* Release */,
			);
			defaultConfigurationIsVisible = 0;
			defaultConfigurationName = Release;
		};
		79AD480623DF4E0E00BDB1A4 /* Build configuration list for PBXNativeTarget "LinkedInSignIn" */ = {
			isa = XCConfigurationList;
			buildConfigurations = (
				79AD480723DF4E0E00BDB1A4 /* Debug */,
				79AD480823DF4E0E00BDB1A4 /* Release */,
			);
			defaultConfigurationIsVisible = 0;
			defaultConfigurationName = Release;
		};
/* End XCConfigurationList section */
	};
	rootObject = 79AD47EA23DF4E0D00BDB1A4 /* Project object */;
}
